
Microsoft Visual Studio Solution File, Format Version 12.00
# Visual Studio Version 17
VisualStudioVersion = 17.13.35825.156 d17.13
MinimumVisualStudioVersion = 10.0.40219.1
Project("{FAE04EC0-301F-11D3-BF4B-00C04F79EFBC}") = "PhoneBookApplication", "PhoneBookApplication\PhoneBookApplication.csproj", "{2963F96D-6F0D-487A-80E2-4D27AF13FF42}"
EndProject
Project("{FAE04EC0-301F-11D3-BF4B-00C04F79EFBC}") = "BusinessLogic", "BusinessLogic\BusinessLogic.csproj", "{F509E2DA-C8EB-404E-A071-A8C9CFC00AAA}"
EndProject
Project("{FAE04EC0-301F-11D3-BF4B-00C04F79EFBC}") = "DataLayer", "DataLayer\DataLayer.csproj", "{5FA38EEA-5A6D-46FE-98A3-4EB59A96C8AE}"
EndProject
Global
	GlobalSection(SolutionConfigurationPlatforms) = preSolution
		Debug|Any CPU = Debug|Any CPU
		Release|Any CPU = Release|Any CPU
	EndGlobalSection
	GlobalSection(ProjectConfigurationPlatforms) = postSolution
		{2963F96D-6F0D-487A-80E2-4D27AF13FF42}.Debug|Any CPU.ActiveCfg = Debug|Any CPU
		{2963F96D-6F0D-487A-80E2-4D27AF13FF42}.Debug|Any CPU.Build.0 = Debug|Any CPU
		{2963F96D-6F0D-487A-80E2-4D27AF13FF42}.Release|Any CPU.ActiveCfg = Release|Any CPU
		{2963F96D-6F0D-487A-80E2-4D27AF13FF42}.Release|Any CPU.Build.0 = Release|Any CPU
		{F509E2DA-C8EB-404E-A071-A8C9CFC00AAA}.Debug|Any CPU.ActiveCfg = Debug|Any CPU
		{F509E2DA-C8EB-404E-A071-A8C9CFC00AAA}.Debug|Any CPU.Build.0 = Debug|Any CPU
		{F509E2DA-C8EB-404E-A071-A8C9CFC00AAA}.Release|Any CPU.ActiveCfg = Release|Any CPU
		{F509E2DA-C8EB-404E-A071-A8C9CFC00AAA}.Release|Any CPU.Build.0 = Release|Any CPU
		{5FA38EEA-5A6D-46FE-98A3-4EB59A96C8AE}.Debug|Any CPU.ActiveCfg = Debug|Any CPU
		{5FA38EEA-5A6D-46FE-98A3-4EB59A96C8AE}.Debug|Any CPU.Build.0 = Debug|Any CPU
		{5FA38EEA-5A6D-46FE-98A3-4EB59A96C8AE}.Release|Any CPU.ActiveCfg = Release|Any CPU
		{5FA38EEA-5A6D-46FE-98A3-4EB59A96C8AE}.Release|Any CPU.Build.0 = Release|Any CPU
	EndGlobalSection
	GlobalSection(SolutionProperties) = preSolution
		HideSolutionNode = FALSE
	EndGlobalSection
	GlobalSection(ExtensibilityGlobals) = postSolution
		SolutionGuid = {9109D84C-AC97-43EE-9A98-6D012A4CB91C}
	EndGlobalSection
EndGlobal
